
Microsoft Visual Studio Solution File, Format Version 12.00
# Visual Studio Version 16
VisualStudioVersion = 16.0.32428.217
MinimumVisualStudioVersion = 10.0.40219.1
Project("{9A19103F-16F7-4668-BE54-9A1E7A4F7556}") = "ProductGrpc", "ProductGrpc\ProductGrpc.csproj", "{513C1CEC-219A-4A26-91EA-FC19672466DD}"
EndProject
Project("{9A19103F-16F7-4668-BE54-9A1E7A4F7556}") = "ProductGrpcClient", "ProductGrpcClient\ProductGrpcClient.csproj", "{91123EAE-9C3C-45A6-8EB6-EC48D81111FD}"
EndProject
Project("{9A19103F-16F7-4668-BE54-9A1E7A4F7556}") = "ProductWorkerService", "ProductWorkerService\ProductWorkerService.csproj", "{234EDCD9-2301-4C5E-A52B-82CEAE79FDF6}"
EndProject
Project("{2150E333-8FDC-42A3-9474-1A3956D46DE8}") = "Product", "Product", "{5BC1A089-3FAB-471E-9858-2D8C0DBB0B19}"
EndProject
Project("{2150E333-8FDC-42A3-9474-1A3956D46DE8}") = "ShoppingCart", "ShoppingCart", "{026E8357-7278-47C1-87D6-9540E6570E5D}"
EndProject
Project("{9A19103F-16F7-4668-BE54-9A1E7A4F7556}") = "ShoppingCartGrpc", "ShoppingCartGrpc\ShoppingCartGrpc.csproj", "{BC136A74-0A52-43B1-BA56-76043902B2F1}"
EndProject
Global
	GlobalSection(SolutionConfigurationPlatforms) = preSolution
		Debug|Any CPU = Debug|Any CPU
		Release|Any CPU = Release|Any CPU
	EndGlobalSection
	GlobalSection(ProjectConfigurationPlatforms) = postSolution
		{513C1CEC-219A-4A26-91EA-FC19672466DD}.Debug|Any CPU.ActiveCfg = Debug|Any CPU
		{513C1CEC-219A-4A26-91EA-FC19672466DD}.Debug|Any CPU.Build.0 = Debug|Any CPU
		{513C1CEC-219A-4A26-91EA-FC19672466DD}.Release|Any CPU.ActiveCfg = Release|Any CPU
		{513C1CEC-219A-4A26-91EA-FC19672466DD}.Release|Any CPU.Build.0 = Release|Any CPU
		{91123EAE-9C3C-45A6-8EB6-EC48D81111FD}.Debug|Any CPU.ActiveCfg = Debug|Any CPU
		{91123EAE-9C3C-45A6-8EB6-EC48D81111FD}.Debug|Any CPU.Build.0 = Debug|Any CPU
		{91123EAE-9C3C-45A6-8EB6-EC48D81111FD}.Release|Any CPU.ActiveCfg = Release|Any CPU
		{91123EAE-9C3C-45A6-8EB6-EC48D81111FD}.Release|Any CPU.Build.0 = Release|Any CPU
		{234EDCD9-2301-4C5E-A52B-82CEAE79FDF6}.Debug|Any CPU.ActiveCfg = Debug|Any CPU
		{234EDCD9-2301-4C5E-A52B-82CEAE79FDF6}.Debug|Any CPU.Build.0 = Debug|Any CPU
		{234EDCD9-2301-4C5E-A52B-82CEAE79FDF6}.Release|Any CPU.ActiveCfg = Release|Any CPU
		{234EDCD9-2301-4C5E-A52B-82CEAE79FDF6}.Release|Any CPU.Build.0 = Release|Any CPU
		{BC136A74-0A52-43B1-BA56-76043902B2F1}.Debug|Any CPU.ActiveCfg = Debug|Any CPU
		{BC136A74-0A52-43B1-BA56-76043902B2F1}.Debug|Any CPU.Build.0 = Debug|Any CPU
		{BC136A74-0A52-43B1-BA56-76043902B2F1}.Release|Any CPU.ActiveCfg = Release|Any CPU
		{BC136A74-0A52-43B1-BA56-76043902B2F1}.Release|Any CPU.Build.0 = Release|Any CPU
	EndGlobalSection
	GlobalSection(SolutionProperties) = preSolution
		HideSolutionNode = FALSE
	EndGlobalSection
	GlobalSection(NestedProjects) = preSolution
		{513C1CEC-219A-4A26-91EA-FC19672466DD} = {5BC1A089-3FAB-471E-9858-2D8C0DBB0B19}
		{91123EAE-9C3C-45A6-8EB6-EC48D81111FD} = {5BC1A089-3FAB-471E-9858-2D8C0DBB0B19}
		{234EDCD9-2301-4C5E-A52B-82CEAE79FDF6} = {5BC1A089-3FAB-471E-9858-2D8C0DBB0B19}
		{BC136A74-0A52-43B1-BA56-76043902B2F1} = {026E8357-7278-47C1-87D6-9540E6570E5D}
	EndGlobalSection
	GlobalSection(ExtensibilityGlobals) = postSolution
		SolutionGuid = {90CF662C-BE32-40DC-B0B2-95E64B2F6F61}
	EndGlobalSection
EndGlobal
