
Microsoft Visual Studio Solution File, Format Version 12.00
# Visual Studio Version 16
VisualStudioVersion = 16.0.32428.217
MinimumVisualStudioVersion = 10.0.40219.1
Project("{9A19103F-16F7-4668-BE54-9A1E7A4F7556}") = "ProductGrpc", "ProductGrpc\ProductGrpc.csproj", "{513C1CEC-219A-4A26-91EA-FC19672466DD}"
EndProject
Project("{9A19103F-16F7-4668-BE54-9A1E7A4F7556}") = "ProductGrpcClient", "ProductGrpcClient\ProductGrpcClient.csproj", "{91123EAE-9C3C-45A6-8EB6-EC48D81111FD}"
EndProject
Project("{FAE04EC0-301F-11D3-BF4B-00C04F79EFBC}") = "ProductWorkerService", "ProductWorkerService\ProductWorkerService.csproj", "{234EDCD9-2301-4C5E-A52B-82CEAE79FDF6}"
EndProject
Global
	GlobalSection(SolutionConfigurationPlatforms) = preSolution
		Debug|Any CPU = Debug|Any CPU
		Release|Any CPU = Release|Any CPU
	EndGlobalSection
	GlobalSection(ProjectConfigurationPlatforms) = postSolution
		{513C1CEC-219A-4A26-91EA-FC19672466DD}.Debug|Any CPU.ActiveCfg = Debug|Any CPU
		{513C1CEC-219A-4A26-91EA-FC19672466DD}.Debug|Any CPU.Build.0 = Debug|Any CPU
		{513C1CEC-219A-4A26-91EA-FC19672466DD}.Release|Any CPU.ActiveCfg = Release|Any CPU
		{513C1CEC-219A-4A26-91EA-FC19672466DD}.Release|Any CPU.Build.0 = Release|Any CPU
		{91123EAE-9C3C-45A6-8EB6-EC48D81111FD}.Debug|Any CPU.ActiveCfg = Debug|Any CPU
		{91123EAE-9C3C-45A6-8EB6-EC48D81111FD}.Debug|Any CPU.Build.0 = Debug|Any CPU
		{91123EAE-9C3C-45A6-8EB6-EC48D81111FD}.Release|Any CPU.ActiveCfg = Release|Any CPU
		{91123EAE-9C3C-45A6-8EB6-EC48D81111FD}.Release|Any CPU.Build.0 = Release|Any CPU
		{234EDCD9-2301-4C5E-A52B-82CEAE79FDF6}.Debug|Any CPU.ActiveCfg = Debug|Any CPU
		{234EDCD9-2301-4C5E-A52B-82CEAE79FDF6}.Debug|Any CPU.Build.0 = Debug|Any CPU
		{234EDCD9-2301-4C5E-A52B-82CEAE79FDF6}.Release|Any CPU.ActiveCfg = Release|Any CPU
		{234EDCD9-2301-4C5E-A52B-82CEAE79FDF6}.Release|Any CPU.Build.0 = Release|Any CPU
	EndGlobalSection
	GlobalSection(SolutionProperties) = preSolution
		HideSolutionNode = FALSE
	EndGlobalSection
	GlobalSection(ExtensibilityGlobals) = postSolution
		SolutionGuid = {90CF662C-BE32-40DC-B0B2-95E64B2F6F61}
	EndGlobalSection
EndGlobal
